
Microsoft Visual Studio Solution File, Format Version 12.00
# Visual Studio Version 17
VisualStudioVersion = 17.0.31919.166
MinimumVisualStudioVersion = 10.0.40219.1
Project("{FAE04EC0-301F-11D3-BF4B-00C04F79EFBC}") = "EloElo", "EloElo\EloElo.csproj", "{528942DE-3C0B-4A4C-B60A-D634BBC74EB0}"
EndProject
Global
	GlobalSection(SolutionConfigurationPlatforms) = preSolution
		Debug|Any CPU = Debug|Any CPU
		Release|Any CPU = Release|Any CPU
	EndGlobalSection
	GlobalSection(ProjectConfigurationPlatforms) = postSolution
		{528942DE-3C0B-4A4C-B60A-D634BBC74EB0}.Debug|Any CPU.ActiveCfg = Debug|Any CPU
		{528942DE-3C0B-4A4C-B60A-D634BBC74EB0}.Debug|Any CPU.Build.0 = Debug|Any CPU
		{528942DE-3C0B-4A4C-B60A-D634BBC74EB0}.Release|Any CPU.ActiveCfg = Release|Any CPU
		{528942DE-3C0B-4A4C-B60A-D634BBC74EB0}.Release|Any CPU.Build.0 = Release|Any CPU
	EndGlobalSection
	GlobalSection(SolutionProperties) = preSolution
		HideSolutionNode = FALSE
	EndGlobalSection
	GlobalSection(ExtensibilityGlobals) = postSolution
		SolutionGuid = {65CD61B4-8E02-4F2D-B246-FE0A09E4BED9}
	EndGlobalSection
EndGlobal
